
Microsoft Visual Studio Solution File, Format Version 12.00
# Visual Studio Version 17
VisualStudioVersion = 17.7.34024.191
MinimumVisualStudioVersion = 10.0.40219.1
Project("{8BC9CEB8-8B4A-11D0-8D11-00A0C91BC942}") = "lab_24_1", "lab_24_1\lab_24_1.vcxproj", "{2890DD04-5713-4E67-82B7-4A87D5CA3FD1}"
EndProject
Global
	GlobalSection(SolutionConfigurationPlatforms) = preSolution
		Debug|x64 = Debug|x64
		Debug|x86 = Debug|x86
		Release|x64 = Release|x64
		Release|x86 = Release|x86
	EndGlobalSection
	GlobalSection(ProjectConfigurationPlatforms) = postSolution
		{2890DD04-5713-4E67-82B7-4A87D5CA3FD1}.Debug|x64.ActiveCfg = Debug|x64
		{2890DD04-5713-4E67-82B7-4A87D5CA3FD1}.Debug|x64.Build.0 = Debug|x64
		{2890DD04-5713-4E67-82B7-4A87D5CA3FD1}.Debug|x86.ActiveCfg = Debug|Win32
		{2890DD04-5713-4E67-82B7-4A87D5CA3FD1}.Debug|x86.Build.0 = Debug|Win32
		{2890DD04-5713-4E67-82B7-4A87D5CA3FD1}.Release|x64.ActiveCfg = Release|x64
		{2890DD04-5713-4E67-82B7-4A87D5CA3FD1}.Release|x64.Build.0 = Release|x64
		{2890DD04-5713-4E67-82B7-4A87D5CA3FD1}.Release|x86.ActiveCfg = Release|Win32
		{2890DD04-5713-4E67-82B7-4A87D5CA3FD1}.Release|x86.Build.0 = Release|Win32
	EndGlobalSection
	GlobalSection(SolutionProperties) = preSolution
		HideSolutionNode = FALSE
	EndGlobalSection
	GlobalSection(ExtensibilityGlobals) = postSolution
		SolutionGuid = {F47F1FC7-B271-460B-A1D9-33A12B8D5847}
	EndGlobalSection
EndGlobal
